
Microsoft Visual Studio Solution File, Format Version 12.00
# Visual Studio Version 17
VisualStudioVersion = 17.1.32319.34
MinimumVisualStudioVersion = 10.0.40219.1
Project("{9A19103F-16F7-4668-BE54-9A1E7A4F7556}") = "_build", "_build\_build.csproj", "{4548ED1D-5906-436F-9C66-D51684CD02C1}"
EndProject
Project("{9A19103F-16F7-4668-BE54-9A1E7A4F7556}") = "YiQiDong.ZLMediaKit", "YiQiDong.ZLMediaKit\YiQiDong.ZLMediaKit.csproj", "{D0B2BE76-F58B-4A2C-A7AD-CB342A09BB5C}"
EndProject
Global
	GlobalSection(SolutionConfigurationPlatforms) = preSolution
		Debug|Any CPU = Debug|Any CPU
		Release|Any CPU = Release|Any CPU
	EndGlobalSection
	GlobalSection(ProjectConfigurationPlatforms) = postSolution
		{4548ED1D-5906-436F-9C66-D51684CD02C1}.Debug|Any CPU.ActiveCfg = Debug|Any CPU
		{4548ED1D-5906-436F-9C66-D51684CD02C1}.Debug|Any CPU.Build.0 = Debug|Any CPU
		{4548ED1D-5906-436F-9C66-D51684CD02C1}.Release|Any CPU.ActiveCfg = Release|Any CPU
		{4548ED1D-5906-436F-9C66-D51684CD02C1}.Release|Any CPU.Build.0 = Release|Any CPU
		{D0B2BE76-F58B-4A2C-A7AD-CB342A09BB5C}.Debug|Any CPU.ActiveCfg = Debug|Any CPU
		{D0B2BE76-F58B-4A2C-A7AD-CB342A09BB5C}.Debug|Any CPU.Build.0 = Debug|Any CPU
		{D0B2BE76-F58B-4A2C-A7AD-CB342A09BB5C}.Release|Any CPU.ActiveCfg = Release|Any CPU
		{D0B2BE76-F58B-4A2C-A7AD-CB342A09BB5C}.Release|Any CPU.Build.0 = Release|Any CPU
	EndGlobalSection
	GlobalSection(SolutionProperties) = preSolution
		HideSolutionNode = FALSE
	EndGlobalSection
	GlobalSection(ExtensibilityGlobals) = postSolution
		SolutionGuid = {08C55436-0E9B-44F2-A691-7569C5859209}
	EndGlobalSection
EndGlobal
